
Microsoft Visual Studio Solution File, Format Version 12.00
# Visual Studio Version 16
VisualStudioVersion = 16.0.31025.194
MinimumVisualStudioVersion = 10.0.40219.1
Project("{FAE04EC0-301F-11D3-BF4B-00C04F79EFBC}") = "KaspiTask", "KaspiTask\KaspiTask.csproj", "{AFBC891A-D285-4CF1-99AF-6164B9C673B8}"
EndProject
Global
	GlobalSection(SolutionConfigurationPlatforms) = preSolution
		Debug|Any CPU = Debug|Any CPU
		Release|Any CPU = Release|Any CPU
	EndGlobalSection
	GlobalSection(ProjectConfigurationPlatforms) = postSolution
		{AFBC891A-D285-4CF1-99AF-6164B9C673B8}.Debug|Any CPU.ActiveCfg = Debug|Any CPU
		{AFBC891A-D285-4CF1-99AF-6164B9C673B8}.Debug|Any CPU.Build.0 = Debug|Any CPU
		{AFBC891A-D285-4CF1-99AF-6164B9C673B8}.Release|Any CPU.ActiveCfg = Release|Any CPU
		{AFBC891A-D285-4CF1-99AF-6164B9C673B8}.Release|Any CPU.Build.0 = Release|Any CPU
	EndGlobalSection
	GlobalSection(SolutionProperties) = preSolution
		HideSolutionNode = FALSE
	EndGlobalSection
	GlobalSection(ExtensibilityGlobals) = postSolution
		SolutionGuid = {F0D8EA31-A539-4CB5-8C51-4EF39345E616}
	EndGlobalSection
EndGlobal
